{
  "name": "cluster",
  "version": "0.1.0",
  "lockfileVersion": 1,
  "requires": true,
  "dependencies": {
    "@aws-cdk/aws-ec2": {
      "version": "0.24.1",
      "resolved": "https://registry.npmjs.org/@aws-cdk/aws-ec2/-/aws-ec2-0.24.1.tgz",
      "integrity": "sha512-q6RG37q6I+lF7O2mlFs6TIhE18t6Zp4whiCSXj/gi7+6PIsZgq193u4F0G9ACBt1dCkaElk9/a9oYOBnoR5FUg==",
      "dev": true,
      "requires": {
        "@aws-cdk/aws-iam": "^0.24.1",
        "@aws-cdk/cdk": "^0.24.1",
        "@aws-cdk/cx-api": "^0.24.1"
      }
    },
    "@aws-cdk/aws-eks": {
      "version": "0.24.1",
      "resolved": "https://registry.npmjs.org/@aws-cdk/aws-eks/-/aws-eks-0.24.1.tgz",
      "integrity": "sha512-Uym/Wreqsh2Da0LuNWARtYMh8skND88d1enf8EWElWUEY+3EJ5h2x0MK/K+r54XGT5hhqwg7pOYHuaW7CuNf4Q==",
      "dev": true,
      "requires": {
        "@aws-cdk/cdk": "^0.24.1"
      }
    },
    "@aws-cdk/aws-iam": {
      "version": "0.24.1",
      "resolved": "https://registry.npmjs.org/@aws-cdk/aws-iam/-/aws-iam-0.24.1.tgz",
      "integrity": "sha512-T3ufqkW3WVBGOnDPvDGqrdpODzVgzL/SBUDYK1csquPeyqbnUqnUYqcrq+ewafozuxLasx6aeWGehdFl/8Y6+Q==",
      "dev": true,
      "requires": {
        "@aws-cdk/cdk": "^0.24.1"
      }
    },
    "@aws-cdk/cdk": {
      "version": "0.24.1",
      "resolved": "https://registry.npmjs.org/@aws-cdk/cdk/-/cdk-0.24.1.tgz",
      "integrity": "sha512-nnm1NR76DvlOYELVJugQ5OPUUW+LcAZRJs5y79g034O1wRJ53eAB7g2MhrCDzx9aRBPF27485O96Y3PBhw5HGw==",
      "dev": true,
      "requires": {
        "@aws-cdk/cx-api": "^0.24.1",
        "js-base64": "^2.4.5",
        "json-diff": "^0.3.1"
      },
      "dependencies": {
        "cli-color": {
          "version": "0.1.7",
          "bundled": true,
          "dev": true,
          "requires": {
            "es5-ext": "0.8.x"
          }
        },
        "difflib": {
          "version": "0.2.4",
          "bundled": true,
          "dev": true,
          "requires": {
            "heap": ">= 0.2.0"
          }
        },
        "dreamopt": {
          "version": "0.6.0",
          "bundled": true,
          "dev": true,
          "requires": {
            "wordwrap": ">=0.0.2"
          }
        },
        "es5-ext": {
          "version": "0.8.2",
          "bundled": true,
          "dev": true
        },
        "heap": {
          "version": "0.2.6",
          "bundled": true,
          "dev": true
        },
        "js-base64": {
          "version": "2.5.1",
          "bundled": true,
          "dev": true
        },
        "json-diff": {
          "version": "0.3.1",
          "bundled": true,
          "dev": true,
          "requires": {
            "cli-color": "~0.1.6",
            "difflib": "~0.2.1",
            "dreamopt": "~0.6.0"
          }
        },
        "wordwrap": {
          "version": "1.0.0",
          "bundled": true,
          "dev": true
        }
      }
    },
    "@aws-cdk/cx-api": {
      "version": "0.24.1",
      "resolved": "https://registry.npmjs.org/@aws-cdk/cx-api/-/cx-api-0.24.1.tgz",
      "integrity": "sha512-bD27TFZkb3Tvn0lZZWRE04u7P8gMPIOlWJn+L0xg6VZ50CqgLgCh6BTBlgAx1/q9XcAldFh4XomB5mGlEwzu2Q==",
      "dev": true
    },
    "@types/node": {
      "version": "8.10.42",
      "resolved": "https://registry.npmjs.org/@types/node/-/node-8.10.42.tgz",
      "integrity": "sha512-8LCqostMfYwQs9by1k21/P4KZp9uFQk3Q528y3qtPKQnCJmKz0Em3YzgeNjTNV1FVrG/7n/6j12d4UKg9zSgDw==",
      "dev": true
    },
    "typescript": {
      "version": "3.3.3333",
      "resolved": "https://registry.npmjs.org/typescript/-/typescript-3.3.3333.tgz",
      "integrity": "sha512-JjSKsAfuHBE/fB2oZ8NxtRTk5iGcg6hkYXMnZ3Wc+b2RSqejEqTaem11mHASMnFilHrax3sLK0GDzcJrekZYLw==",
      "dev": true
    }
  }
}
